{
  "name": "talkrooms-frontend",
  "version": "1.0.0",
  "lockfileVersion": 2,
  "requires": true,
  "packages": {
    "": {
      "name": "talkrooms-frontend",
      "version": "1.0.0",
      "license": "ISC",
      "dependencies": {
        "phoenix": "^1.7.0"
      },
      "devDependencies": {}
    },
    "node_modules/phoenix": {
      "version": "1.8.1",
      "resolved": "https://registry.npmjs.org/phoenix/-/phoenix-1.8.1.tgz",
      "integrity": "sha512-7i2a5f5y0Qhzi2g/+iuaGr4TzRt5ucqI0JeV2Q9K0swqY8L2C7CLR66RcGCpcQKGOY73B5GLKMYEl13o/9l/Cg=="
    }
  },
  "dependencies": {
    "phoenix": {
      "version": "1.8.1",
      "resolved": "https://registry.npmjs.org/phoenix/-/phoenix-1.8.1.tgz",
      "integrity": "sha512-7i2a5f5y0Qhzi2g/+iuaGr4TzRt5ucqI0JeV2Q9K0swqY8L2C7CLR66RcGCpcQKGOY73B5GLKMYEl13o/9l/Cg=="
    }
  }
}
